
Microsoft Visual Studio Solution File, Format Version 12.00
# Visual Studio Version 16
VisualStudioVersion = 16.0.30608.117
MinimumVisualStudioVersion = 10.0.40219.1
Project("{FAE04EC0-301F-11D3-BF4B-00C04F79EFBC}") = "PrerenderWithAuth.Server", "PrerenderWithAuth\Server\PrerenderWithAuth.Server.csproj", "{32424D24-C493-4890-9AC7-683704BCE58F}"
EndProject
Project("{FAE04EC0-301F-11D3-BF4B-00C04F79EFBC}") = "PrerenderWithAuth.Client", "PrerenderWithAuth\Client\PrerenderWithAuth.Client.csproj", "{F3E9730E-92F2-4452-A730-C0ED706BC30E}"
EndProject
Project("{FAE04EC0-301F-11D3-BF4B-00C04F79EFBC}") = "PrerenderWithAuth.Shared", "PrerenderWithAuth\Shared\PrerenderWithAuth.Shared.csproj", "{4F7EA806-4023-4285-BCF0-A9189BD01D03}"
EndProject
Global
	GlobalSection(SolutionConfigurationPlatforms) = preSolution
		Debug|Any CPU = Debug|Any CPU
		Release|Any CPU = Release|Any CPU
	EndGlobalSection
	GlobalSection(ProjectConfigurationPlatforms) = postSolution
		{32424D24-C493-4890-9AC7-683704BCE58F}.Debug|Any CPU.ActiveCfg = Debug|Any CPU
		{32424D24-C493-4890-9AC7-683704BCE58F}.Debug|Any CPU.Build.0 = Debug|Any CPU
		{32424D24-C493-4890-9AC7-683704BCE58F}.Release|Any CPU.ActiveCfg = Release|Any CPU
		{32424D24-C493-4890-9AC7-683704BCE58F}.Release|Any CPU.Build.0 = Release|Any CPU
		{F3E9730E-92F2-4452-A730-C0ED706BC30E}.Debug|Any CPU.ActiveCfg = Debug|Any CPU
		{F3E9730E-92F2-4452-A730-C0ED706BC30E}.Debug|Any CPU.Build.0 = Debug|Any CPU
		{F3E9730E-92F2-4452-A730-C0ED706BC30E}.Release|Any CPU.ActiveCfg = Release|Any CPU
		{F3E9730E-92F2-4452-A730-C0ED706BC30E}.Release|Any CPU.Build.0 = Release|Any CPU
		{4F7EA806-4023-4285-BCF0-A9189BD01D03}.Debug|Any CPU.ActiveCfg = Debug|Any CPU
		{4F7EA806-4023-4285-BCF0-A9189BD01D03}.Debug|Any CPU.Build.0 = Debug|Any CPU
		{4F7EA806-4023-4285-BCF0-A9189BD01D03}.Release|Any CPU.ActiveCfg = Release|Any CPU
		{4F7EA806-4023-4285-BCF0-A9189BD01D03}.Release|Any CPU.Build.0 = Release|Any CPU
	EndGlobalSection
	GlobalSection(SolutionProperties) = preSolution
		HideSolutionNode = FALSE
	EndGlobalSection
	GlobalSection(ExtensibilityGlobals) = postSolution
		SolutionGuid = {F26BE33E-CA9F-4ED7-8C5B-2E384750B8DC}
	EndGlobalSection
EndGlobal
